
Microsoft Visual Studio Solution File, Format Version 12.00
# Visual Studio Version 16
VisualStudioVersion = 16.0.31424.327
MinimumVisualStudioVersion = 10.0.40219.1
Project("{FAE04EC0-301F-11D3-BF4B-00C04F79EFBC}") = "CutePie_ggplot2Plotter_CSharp", "CutePie_ggplot2Plotter\CutePie_ggplot2Plotter_CSharp.csproj", "{F8543A92-2AF6-482E-936A-337E390F067A}"
EndProject
Project("{888888A0-9F3D-457C-B088-3A5042F75D52}") = "CutePie_ggplot2Plotter_Python", "CutePie_ggplot2Plotter_Python\CutePie_ggplot2Plotter_Python.pyproj", "{8990CAB6-1733-4250-8CD7-0BB938B53F05}"
EndProject
Global
	GlobalSection(SolutionConfigurationPlatforms) = preSolution
		Debug|Any CPU = Debug|Any CPU
		Release|Any CPU = Release|Any CPU
	EndGlobalSection
	GlobalSection(ProjectConfigurationPlatforms) = postSolution
		{F8543A92-2AF6-482E-936A-337E390F067A}.Debug|Any CPU.ActiveCfg = Debug|Any CPU
		{F8543A92-2AF6-482E-936A-337E390F067A}.Debug|Any CPU.Build.0 = Debug|Any CPU
		{F8543A92-2AF6-482E-936A-337E390F067A}.Release|Any CPU.ActiveCfg = Release|Any CPU
		{F8543A92-2AF6-482E-936A-337E390F067A}.Release|Any CPU.Build.0 = Release|Any CPU
		{8990CAB6-1733-4250-8CD7-0BB938B53F05}.Debug|Any CPU.ActiveCfg = Debug|Any CPU
		{8990CAB6-1733-4250-8CD7-0BB938B53F05}.Release|Any CPU.ActiveCfg = Release|Any CPU
	EndGlobalSection
	GlobalSection(SolutionProperties) = preSolution
		HideSolutionNode = FALSE
	EndGlobalSection
	GlobalSection(ExtensibilityGlobals) = postSolution
		SolutionGuid = {6F3C5F1F-7DA5-4375-A474-396C769A663C}
	EndGlobalSection
EndGlobal
